// !$*UTF8*$!
{
	archiveVersion = 1;
	classes = {
	};
	objectVersion = 50;
	objects = {

/* Begin PBXBuildFile section */
		810C12F72444994000419207 /* AppDelegate.swift in Sources */ = {isa = PBXBuildFile; fileRef = 810C12F62444994000419207 /* AppDelegate.swift */; };
		810C12F92444994000419207 /* SceneDelegate.swift in Sources */ = {isa = PBXBuildFile; fileRef = 810C12F82444994000419207 /* SceneDelegate.swift */; };
		810C12FB2444994000419207 /* HomeView.swift in Sources */ = {isa = PBXBuildFile; fileRef = 810C12FA2444994000419207 /* HomeView.swift */; };
		810C12FD2444994200419207 /* Assets.xcassets in Resources */ = {isa = PBXBuildFile; fileRef = 810C12FC2444994200419207 /* Assets.xcassets */; };
		810C13002444994200419207 /* Preview Assets.xcassets in Resources */ = {isa = PBXBuildFile; fileRef = 810C12FF2444994200419207 /* Preview Assets.xcassets */; };
		810C13032444994200419207 /* LaunchScreen.storyboard in Resources */ = {isa = PBXBuildFile; fileRef = 810C13012444994200419207 /* LaunchScreen.storyboard */; };
		810C130C2444C97E00419207 /* Ext-String.swift in Sources */ = {isa = PBXBuildFile; fileRef = 810C130B2444C97E00419207 /* Ext-String.swift */; };
		810C131C2446045C00419207 /* ChartView.swift in Sources */ = {isa = PBXBuildFile; fileRef = 810C131B2446045C00419207 /* ChartView.swift */; };
		810C131E244604D400419207 /* ChartXLine.swift in Sources */ = {isa = PBXBuildFile; fileRef = 810C131D244604D400419207 /* ChartXLine.swift */; };
		810C1320244604E000419207 /* ChartTopView.swift in Sources */ = {isa = PBXBuildFile; fileRef = 810C131F244604E000419207 /* ChartTopView.swift */; };
		810C1322244604F000419207 /* ChartContentView.swift in Sources */ = {isa = PBXBuildFile; fileRef = 810C1321244604F000419207 /* ChartContentView.swift */; };
		814B42062450B48400923A19 /* BarIndicatorView.swift in Sources */ = {isa = PBXBuildFile; fileRef = 814B42052450B48400923A19 /* BarIndicatorView.swift */; };
		815F8EA72450382500AB8D7F /* BarHorizontalChartView.swift in Sources */ = {isa = PBXBuildFile; fileRef = 815F8EA62450382500AB8D7F /* BarHorizontalChartView.swift */; };
		81C197BC2446632200AEC5FF /* Colors.swift in Sources */ = {isa = PBXBuildFile; fileRef = 81C197BB2446632200AEC5FF /* Colors.swift */; };
		81C197BE2446634900AEC5FF /* Icons.swift in Sources */ = {isa = PBXBuildFile; fileRef = 81C197BD2446634900AEC5FF /* Icons.swift */; };
		81C197F224486BAD00AEC5FF /* HomeViewToolbarView.swift in Sources */ = {isa = PBXBuildFile; fileRef = 81C197F124486BAD00AEC5FF /* HomeViewToolbarView.swift */; };
		81C197F62448A21300AEC5FF /* ChartToolbarView.swift in Sources */ = {isa = PBXBuildFile; fileRef = 81C197F52448A21300AEC5FF /* ChartToolbarView.swift */; };
		81C197FF24490AFB00AEC5FF /* ChartsModel.swift in Sources */ = {isa = PBXBuildFile; fileRef = 81C197FE24490AFB00AEC5FF /* ChartsModel.swift */; };
		81C1980124490B3800AEC5FF /* Ext-UIScreen.swift in Sources */ = {isa = PBXBuildFile; fileRef = 81C1980024490B3800AEC5FF /* Ext-UIScreen.swift */; };
		81C1980324490BAA00AEC5FF /* ChartToolbarLeftSide.swift in Sources */ = {isa = PBXBuildFile; fileRef = 81C1980224490BAA00AEC5FF /* ChartToolbarLeftSide.swift */; };
		81C198342449E2BA00AEC5FF /* BarChartCell.swift in Sources */ = {isa = PBXBuildFile; fileRef = 81C198332449E2BA00AEC5FF /* BarChartCell.swift */; };
		81C198362449E2ED00AEC5FF /* BarChartRow.swift in Sources */ = {isa = PBXBuildFile; fileRef = 81C198352449E2ED00AEC5FF /* BarChartRow.swift */; };
		81C198382449E31100AEC5FF /* BarChartView.swift in Sources */ = {isa = PBXBuildFile; fileRef = 81C198372449E31100AEC5FF /* BarChartView.swift */; };
		81C1983A2449E33300AEC5FF /* LabelView.swift in Sources */ = {isa = PBXBuildFile; fileRef = 81C198392449E33300AEC5FF /* LabelView.swift */; };
		81C1983E2449E37200AEC5FF /* IndicatorPointView.swift in Sources */ = {isa = PBXBuildFile; fileRef = 81C1983D2449E37200AEC5FF /* IndicatorPointView.swift */; };
		81C198402449E38F00AEC5FF /* Legend.swift in Sources */ = {isa = PBXBuildFile; fileRef = 81C1983F2449E38F00AEC5FF /* Legend.swift */; };
		81C198422449E3A700AEC5FF /* Line.swift in Sources */ = {isa = PBXBuildFile; fileRef = 81C198412449E3A700AEC5FF /* Line.swift */; };
		81C198462449E3ED00AEC5FF /* LineView.swift in Sources */ = {isa = PBXBuildFile; fileRef = 81C198452449E3ED00AEC5FF /* LineView.swift */; };
		81C198482449E40800AEC5FF /* MaginfierRect.swift in Sources */ = {isa = PBXBuildFile; fileRef = 81C198472449E40700AEC5FF /* MaginfierRect.swift */; };
		81C1984A2449E41E00AEC5FF /* MultiLineChartView.swift in Sources */ = {isa = PBXBuildFile; fileRef = 81C198492449E41E00AEC5FF /* MultiLineChartView.swift */; };
		81C1984C2449E43400AEC5FF /* PathQuadCurve.swift in Sources */ = {isa = PBXBuildFile; fileRef = 81C1984B2449E43400AEC5FF /* PathQuadCurve.swift */; };
		81C1984F2449E45D00AEC5FF /* PieChartCell.swift in Sources */ = {isa = PBXBuildFile; fileRef = 81C1984E2449E45D00AEC5FF /* PieChartCell.swift */; };
		81C198512449E47300AEC5FF /* PieChartRow.swift in Sources */ = {isa = PBXBuildFile; fileRef = 81C198502449E47300AEC5FF /* PieChartRow.swift */; };
		81C198532449E49900AEC5FF /* PieChartView.swift in Sources */ = {isa = PBXBuildFile; fileRef = 81C198522449E49900AEC5FF /* PieChartView.swift */; };
		81C198552449E4EC00AEC5FF /* ChartHelper.swift in Sources */ = {isa = PBXBuildFile; fileRef = 81C198542449E4EC00AEC5FF /* ChartHelper.swift */; };
		81C19868244B0ABF00AEC5FF /* ChartYLine.swift in Sources */ = {isa = PBXBuildFile; fileRef = 81C19867244B0ABF00AEC5FF /* ChartYLine.swift */; };
		81C19890244C63FF00AEC5FF /* Fonts.swift in Sources */ = {isa = PBXBuildFile; fileRef = 81C1988F244C63FF00AEC5FF /* Fonts.swift */; };
		81C19893244C74C400AEC5FF /* InfoPopupView.swift in Sources */ = {isa = PBXBuildFile; fileRef = 81C19892244C74C400AEC5FF /* InfoPopupView.swift */; };
		81C19896244DA55A00AEC5FF /* DetailsView.swift in Sources */ = {isa = PBXBuildFile; fileRef = 81C19895244DA55A00AEC5FF /* DetailsView.swift */; };
		81D0EA37244ED5D400968667 /* Layout.swift in Sources */ = {isa = PBXBuildFile; fileRef = 81D0EA36244ED5D400968667 /* Layout.swift */; };
		81D0EA3A244F249200968667 /* BarView.swift in Sources */ = {isa = PBXBuildFile; fileRef = 81D0EA39244F249200968667 /* BarView.swift */; };
		81D0EA3C244F252500968667 /* BarContentView.swift in Sources */ = {isa = PBXBuildFile; fileRef = 81D0EA3B244F252500968667 /* BarContentView.swift */; };
		81D0EA3E244F3F9200968667 /* CovidTableView.swift in Sources */ = {isa = PBXBuildFile; fileRef = 81D0EA3D244F3F9200968667 /* CovidTableView.swift */; };
		81E05EBB244E1EF10002F0C3 /* HomeViewTopView.swift in Sources */ = {isa = PBXBuildFile; fileRef = 81E05EBA244E1EF00002F0C3 /* HomeViewTopView.swift */; };
		81E05EBD244E4E460002F0C3 /* ChartViewModel.swift in Sources */ = {isa = PBXBuildFile; fileRef = 81E05EBC244E4E460002F0C3 /* ChartViewModel.swift */; };
/* End PBXBuildFile section */

/* Begin PBXFileReference section */
		810C12F32444994000419207 /* CovidCharts.app */ = {isa = PBXFileReference; explicitFileType = wrapper.application; includeInIndex = 0; path = CovidCharts.app; sourceTree = BUILT_PRODUCTS_DIR; };
		810C12F62444994000419207 /* AppDelegate.swift */ = {isa = PBXFileReference; lastKnownFileType = sourcecode.swift; path = AppDelegate.swift; sourceTree = "<group>"; };
		810C12F82444994000419207 /* SceneDelegate.swift */ = {isa = PBXFileReference; lastKnownFileType = sourcecode.swift; path = SceneDelegate.swift; sourceTree = "<group>"; };
		810C12FA2444994000419207 /* HomeView.swift */ = {isa = PBXFileReference; lastKnownFileType = sourcecode.swift; path = HomeView.swift; sourceTree = "<group>"; };
		810C12FC2444994200419207 /* Assets.xcassets */ = {isa = PBXFileReference; lastKnownFileType = folder.assetcatalog; path = Assets.xcassets; sourceTree = "<group>"; };
		810C12FF2444994200419207 /* Preview Assets.xcassets */ = {isa = PBXFileReference; lastKnownFileType = folder.assetcatalog; path = "Preview Assets.xcassets"; sourceTree = "<group>"; };
		810C13022444994200419207 /* Base */ = {isa = PBXFileReference; lastKnownFileType = file.storyboard; name = Base; path = Base.lproj/LaunchScreen.storyboard; sourceTree = "<group>"; };
		810C13042444994200419207 /* Info.plist */ = {isa = PBXFileReference; lastKnownFileType = text.plist.xml; path = Info.plist; sourceTree = "<group>"; };
		810C130B2444C97E00419207 /* Ext-String.swift */ = {isa = PBXFileReference; lastKnownFileType = sourcecode.swift; path = "Ext-String.swift"; sourceTree = "<group>"; };
		810C131B2446045C00419207 /* ChartView.swift */ = {isa = PBXFileReference; lastKnownFileType = sourcecode.swift; path = ChartView.swift; sourceTree = "<group>"; };
		810C131D244604D400419207 /* ChartXLine.swift */ = {isa = PBXFileReference; lastKnownFileType = sourcecode.swift; path = ChartXLine.swift; sourceTree = "<group>"; };
		810C131F244604E000419207 /* ChartTopView.swift */ = {isa = PBXFileReference; lastKnownFileType = sourcecode.swift; path = ChartTopView.swift; sourceTree = "<group>"; };
		810C1321244604F000419207 /* ChartContentView.swift */ = {isa = PBXFileReference; lastKnownFileType = sourcecode.swift; path = ChartContentView.swift; sourceTree = "<group>"; };
		814B42052450B48400923A19 /* BarIndicatorView.swift */ = {isa = PBXFileReference; lastKnownFileType = sourcecode.swift; path = BarIndicatorView.swift; sourceTree = "<group>"; };
		815F8EA62450382500AB8D7F /* BarHorizontalChartView.swift */ = {isa = PBXFileReference; lastKnownFileType = sourcecode.swift; path = BarHorizontalChartView.swift; sourceTree = "<group>"; };
		81C197BB2446632200AEC5FF /* Colors.swift */ = {isa = PBXFileReference; lastKnownFileType = sourcecode.swift; path = Colors.swift; sourceTree = "<group>"; };
		81C197BD2446634900AEC5FF /* Icons.swift */ = {isa = PBXFileReference; lastKnownFileType = sourcecode.swift; path = Icons.swift; sourceTree = "<group>"; };
		81C197F124486BAD00AEC5FF /* HomeViewToolbarView.swift */ = {isa = PBXFileReference; lastKnownFileType = sourcecode.swift; path = HomeViewToolbarView.swift; sourceTree = "<group>"; };
		81C197F52448A21300AEC5FF /* ChartToolbarView.swift */ = {isa = PBXFileReference; lastKnownFileType = sourcecode.swift; path = ChartToolbarView.swift; sourceTree = "<group>"; };
		81C197FE24490AFB00AEC5FF /* ChartsModel.swift */ = {isa = PBXFileReference; lastKnownFileType = sourcecode.swift; path = ChartsModel.swift; sourceTree = "<group>"; };
		81C1980024490B3800AEC5FF /* Ext-UIScreen.swift */ = {isa = PBXFileReference; lastKnownFileType = sourcecode.swift; path = "Ext-UIScreen.swift"; sourceTree = "<group>"; };
		81C1980224490BAA00AEC5FF /* ChartToolbarLeftSide.swift */ = {isa = PBXFileReference; lastKnownFileType = sourcecode.swift; path = ChartToolbarLeftSide.swift; sourceTree = "<group>"; };
		81C198332449E2BA00AEC5FF /* BarChartCell.swift */ = {isa = PBXFileReference; lastKnownFileType = sourcecode.swift; path = BarChartCell.swift; sourceTree = "<group>"; };
		81C198352449E2ED00AEC5FF /* BarChartRow.swift */ = {isa = PBXFileReference; lastKnownFileType = sourcecode.swift; path = BarChartRow.swift; sourceTree = "<group>"; };
		81C198372449E31100AEC5FF /* BarChartView.swift */ = {isa = PBXFileReference; lastKnownFileType = sourcecode.swift; path = BarChartView.swift; sourceTree = "<group>"; };
		81C198392449E33300AEC5FF /* LabelView.swift */ = {isa = PBXFileReference; lastKnownFileType = sourcecode.swift; path = LabelView.swift; sourceTree = "<group>"; };
		81C1983D2449E37200AEC5FF /* IndicatorPointView.swift */ = {isa = PBXFileReference; lastKnownFileType = sourcecode.swift; path = IndicatorPointView.swift; sourceTree = "<group>"; };
		81C1983F2449E38F00AEC5FF /* Legend.swift */ = {isa = PBXFileReference; lastKnownFileType = sourcecode.swift; path = Legend.swift; sourceTree = "<group>"; };
		81C198412449E3A700AEC5FF /* Line.swift */ = {isa = PBXFileReference; lastKnownFileType = sourcecode.swift; path = Line.swift; sourceTree = "<group>"; };
		81C198452449E3ED00AEC5FF /* LineView.swift */ = {isa = PBXFileReference; lastKnownFileType = sourcecode.swift; path = LineView.swift; sourceTree = "<group>"; };
		81C198472449E40700AEC5FF /* MaginfierRect.swift */ = {isa = PBXFileReference; lastKnownFileType = sourcecode.swift; path = MaginfierRect.swift; sourceTree = "<group>"; };
		81C198492449E41E00AEC5FF /* MultiLineChartView.swift */ = {isa = PBXFileReference; lastKnownFileType = sourcecode.swift; path = MultiLineChartView.swift; sourceTree = "<group>"; };
		81C1984B2449E43400AEC5FF /* PathQuadCurve.swift */ = {isa = PBXFileReference; lastKnownFileType = sourcecode.swift; path = PathQuadCurve.swift; sourceTree = "<group>"; };
		81C1984E2449E45D00AEC5FF /* PieChartCell.swift */ = {isa = PBXFileReference; lastKnownFileType = sourcecode.swift; path = PieChartCell.swift; sourceTree = "<group>"; };
		81C198502449E47300AEC5FF /* PieChartRow.swift */ = {isa = PBXFileReference; lastKnownFileType = sourcecode.swift; path = PieChartRow.swift; sourceTree = "<group>"; };
		81C198522449E49900AEC5FF /* PieChartView.swift */ = {isa = PBXFileReference; lastKnownFileType = sourcecode.swift; path = PieChartView.swift; sourceTree = "<group>"; };
		81C198542449E4EC00AEC5FF /* ChartHelper.swift */ = {isa = PBXFileReference; lastKnownFileType = sourcecode.swift; path = ChartHelper.swift; sourceTree = "<group>"; };
		81C19867244B0ABF00AEC5FF /* ChartYLine.swift */ = {isa = PBXFileReference; lastKnownFileType = sourcecode.swift; path = ChartYLine.swift; sourceTree = "<group>"; };
		81C1988F244C63FF00AEC5FF /* Fonts.swift */ = {isa = PBXFileReference; lastKnownFileType = sourcecode.swift; path = Fonts.swift; sourceTree = "<group>"; };
		81C19892244C74C400AEC5FF /* InfoPopupView.swift */ = {isa = PBXFileReference; lastKnownFileType = sourcecode.swift; path = InfoPopupView.swift; sourceTree = "<group>"; };
		81C19895244DA55A00AEC5FF /* DetailsView.swift */ = {isa = PBXFileReference; lastKnownFileType = sourcecode.swift; path = DetailsView.swift; sourceTree = "<group>"; };
		81D0EA36244ED5D400968667 /* Layout.swift */ = {isa = PBXFileReference; lastKnownFileType = sourcecode.swift; path = Layout.swift; sourceTree = "<group>"; };
		81D0EA39244F249200968667 /* BarView.swift */ = {isa = PBXFileReference; lastKnownFileType = sourcecode.swift; path = BarView.swift; sourceTree = "<group>"; };
		81D0EA3B244F252500968667 /* BarContentView.swift */ = {isa = PBXFileReference; lastKnownFileType = sourcecode.swift; path = BarContentView.swift; sourceTree = "<group>"; };
		81D0EA3D244F3F9200968667 /* CovidTableView.swift */ = {isa = PBXFileReference; lastKnownFileType = sourcecode.swift; path = CovidTableView.swift; sourceTree = "<group>"; };
		81E05EBA244E1EF00002F0C3 /* HomeViewTopView.swift */ = {isa = PBXFileReference; fileEncoding = 4; lastKnownFileType = sourcecode.swift; path = HomeViewTopView.swift; sourceTree = "<group>"; };
		81E05EBC244E4E460002F0C3 /* ChartViewModel.swift */ = {isa = PBXFileReference; fileEncoding = 4; lastKnownFileType = sourcecode.swift; path = ChartViewModel.swift; sourceTree = "<group>"; };
/* End PBXFileReference section */

/* Begin PBXFrameworksBuildPhase section */
		810C12F02444994000419207 /* Frameworks */ = {
			isa = PBXFrameworksBuildPhase;
			buildActionMask = 2147483647;
			files = (
			);
			runOnlyForDeploymentPostprocessing = 0;
		};
/* End PBXFrameworksBuildPhase section */

/* Begin PBXGroup section */
		810C12EA2444994000419207 = {
			isa = PBXGroup;
			children = (
				810C12F52444994000419207 /* CovidCharts */,
				810C12F42444994000419207 /* Products */,
			);
			sourceTree = "<group>";
		};
		810C12F42444994000419207 /* Products */ = {
			isa = PBXGroup;
			children = (
				810C12F32444994000419207 /* CovidCharts.app */,
			);
			name = Products;
			sourceTree = "<group>";
		};
		810C12F52444994000419207 /* CovidCharts */ = {
			isa = PBXGroup;
			children = (
				810C12F62444994000419207 /* AppDelegate.swift */,
				810C12F82444994000419207 /* SceneDelegate.swift */,
				81C197FE24490AFB00AEC5FF /* ChartsModel.swift */,
				81E05EBC244E4E460002F0C3 /* ChartViewModel.swift */,
				81D0EA3D244F3F9200968667 /* CovidTableView.swift */,
				81D0EA38244F247000968667 /* BarView */,
				810C131A2446043700419207 /* ChartView */,
				810C130F2444C9B100419207 /* HomeView */,
				81C19894244DA54200AEC5FF /* DetailsView */,
				81C19891244C74B400AEC5FF /* Popups */,
				81C198322449E29900AEC5FF /* FlexSwiftUICharts */,
				81C197BA2446630900AEC5FF /* UI */,
				810C130A2444C95D00419207 /* Extensions */,
				810C12FC2444994200419207 /* Assets.xcassets */,
				810C13012444994200419207 /* LaunchScreen.storyboard */,
				810C13042444994200419207 /* Info.plist */,
				810C12FE2444994200419207 /* Preview Content */,
			);
			path = CovidCharts;
			sourceTree = "<group>";
		};
		810C12FE2444994200419207 /* Preview Content */ = {
			isa = PBXGroup;
			children = (
				810C12FF2444994200419207 /* Preview Assets.xcassets */,
			);
			path = "Preview Content";
			sourceTree = "<group>";
		};
		810C130A2444C95D00419207 /* Extensions */ = {
			isa = PBXGroup;
			children = (
				810C130B2444C97E00419207 /* Ext-String.swift */,
				81C1980024490B3800AEC5FF /* Ext-UIScreen.swift */,
			);
			path = Extensions;
			sourceTree = "<group>";
		};
		810C130F2444C9B100419207 /* HomeView */ = {
			isa = PBXGroup;
			children = (
				810C12FA2444994000419207 /* HomeView.swift */,
				81E05EBA244E1EF00002F0C3 /* HomeViewTopView.swift */,
				81C197F124486BAD00AEC5FF /* HomeViewToolbarView.swift */,
				81C197F82448A31500AEC5FF /* ChartToolbar */,
			);
			path = HomeView;
			sourceTree = "<group>";
		};
		810C131A2446043700419207 /* ChartView */ = {
			isa = PBXGroup;
			children = (
				810C131B2446045C00419207 /* ChartView.swift */,
				810C131F244604E000419207 /* ChartTopView.swift */,
				810C1321244604F000419207 /* ChartContentView.swift */,
				81C19867244B0ABF00AEC5FF /* ChartYLine.swift */,
				810C131D244604D400419207 /* ChartXLine.swift */,
				81C198412449E3A700AEC5FF /* Line.swift */,
				81C198452449E3ED00AEC5FF /* LineView.swift */,
				81C1983D2449E37200AEC5FF /* IndicatorPointView.swift */,
			);
			path = ChartView;
			sourceTree = "<group>";
		};
		81C197BA2446630900AEC5FF /* UI */ = {
			isa = PBXGroup;
			children = (
				81C197BB2446632200AEC5FF /* Colors.swift */,
				81D0EA36244ED5D400968667 /* Layout.swift */,
				81C1988F244C63FF00AEC5FF /* Fonts.swift */,
				81C197BD2446634900AEC5FF /* Icons.swift */,
			);
			path = UI;
			sourceTree = "<group>";
		};
		81C197F82448A31500AEC5FF /* ChartToolbar */ = {
			isa = PBXGroup;
			children = (
				81C197F52448A21300AEC5FF /* ChartToolbarView.swift */,
				81C1980224490BAA00AEC5FF /* ChartToolbarLeftSide.swift */,
			);
			path = ChartToolbar;
			sourceTree = "<group>";
		};
		81C198322449E29900AEC5FF /* FlexSwiftUICharts */ = {
			isa = PBXGroup;
			children = (
				81C1984D2449E44A00AEC5FF /* PieChart */,
				81C1983C2449E35300AEC5FF /* LineChart */,
				81C1983B2449E34700AEC5FF /* BarChart */,
			);
			path = FlexSwiftUICharts;
			sourceTree = "<group>";
		};
		81C1983B2449E34700AEC5FF /* BarChart */ = {
			isa = PBXGroup;
			children = (
				81C198332449E2BA00AEC5FF /* BarChartCell.swift */,
				81C198372449E31100AEC5FF /* BarChartView.swift */,
				81C198352449E2ED00AEC5FF /* BarChartRow.swift */,
				81C198392449E33300AEC5FF /* LabelView.swift */,
			);
			path = BarChart;
			sourceTree = "<group>";
		};
		81C1983C2449E35300AEC5FF /* LineChart */ = {
			isa = PBXGroup;
			children = (
				81C1983F2449E38F00AEC5FF /* Legend.swift */,
				81C198472449E40700AEC5FF /* MaginfierRect.swift */,
				81C198492449E41E00AEC5FF /* MultiLineChartView.swift */,
				81C1984B2449E43400AEC5FF /* PathQuadCurve.swift */,
			);
			path = LineChart;
			sourceTree = "<group>";
		};
		81C1984D2449E44A00AEC5FF /* PieChart */ = {
			isa = PBXGroup;
			children = (
				81C1984E2449E45D00AEC5FF /* PieChartCell.swift */,
				81C198502449E47300AEC5FF /* PieChartRow.swift */,
				81C198522449E49900AEC5FF /* PieChartView.swift */,
				81C198542449E4EC00AEC5FF /* ChartHelper.swift */,
			);
			path = PieChart;
			sourceTree = "<group>";
		};
		81C19891244C74B400AEC5FF /* Popups */ = {
			isa = PBXGroup;
			children = (
				81C19892244C74C400AEC5FF /* InfoPopupView.swift */,
			);
			path = Popups;
			sourceTree = "<group>";
		};
		81C19894244DA54200AEC5FF /* DetailsView */ = {
			isa = PBXGroup;
			children = (
				81C19895244DA55A00AEC5FF /* DetailsView.swift */,
				815F8EA62450382500AB8D7F /* BarHorizontalChartView.swift */,
				814B42052450B48400923A19 /* BarIndicatorView.swift */,
			);
			path = DetailsView;
			sourceTree = "<group>";
		};
		81D0EA38244F247000968667 /* BarView */ = {
			isa = PBXGroup;
			children = (
				81D0EA39244F249200968667 /* BarView.swift */,
				81D0EA3B244F252500968667 /* BarContentView.swift */,
			);
			path = BarView;
			sourceTree = "<group>";
		};
/* End PBXGroup section */

/* Begin PBXNativeTarget section */
		810C12F22444994000419207 /* CovidCharts */ = {
			isa = PBXNativeTarget;
			buildConfigurationList = 810C13072444994200419207 /* Build configuration list for PBXNativeTarget "CovidCharts" */;
			buildPhases = (
				810C12EF2444994000419207 /* Sources */,
				810C12F02444994000419207 /* Frameworks */,
				810C12F12444994000419207 /* Resources */,
			);
			buildRules = (
			);
			dependencies = (
			);
			name = CovidCharts;
			packageProductDependencies = (
			);
			productName = CovidCharts;
			productReference = 810C12F32444994000419207 /* CovidCharts.app */;
			productType = "com.apple.product-type.application";
		};
/* End PBXNativeTarget section */

/* Begin PBXProject section */
		810C12EB2444994000419207 /* Project object */ = {
			isa = PBXProject;
			attributes = {
				LastSwiftUpdateCheck = 1130;
				LastUpgradeCheck = 1130;
				ORGANIZATIONNAME = "Timothy Stokarski";
				TargetAttributes = {
					810C12F22444994000419207 = {
						CreatedOnToolsVersion = 11.3.1;
					};
				};
			};
			buildConfigurationList = 810C12EE2444994000419207 /* Build configuration list for PBXProject "CovidCharts" */;
			compatibilityVersion = "Xcode 9.3";
			developmentRegion = en;
			hasScannedForEncodings = 0;
			knownRegions = (
				en,
				Base,
			);
			mainGroup = 810C12EA2444994000419207;
			packageReferences = (
			);
			productRefGroup = 810C12F42444994000419207 /* Products */;
			projectDirPath = "";
			projectRoot = "";
			targets = (
				810C12F22444994000419207 /* CovidCharts */,
			);
		};
/* End PBXProject section */

/* Begin PBXResourcesBuildPhase section */
		810C12F12444994000419207 /* Resources */ = {
			isa = PBXResourcesBuildPhase;
			buildActionMask = 2147483647;
			files = (
				810C13032444994200419207 /* LaunchScreen.storyboard in Resources */,
				810C13002444994200419207 /* Preview Assets.xcassets in Resources */,
				810C12FD2444994200419207 /* Assets.xcassets in Resources */,
			);
			runOnlyForDeploymentPostprocessing = 0;
		};
/* End PBXResourcesBuildPhase section */

/* Begin PBXSourcesBuildPhase section */
		810C12EF2444994000419207 /* Sources */ = {
			isa = PBXSourcesBuildPhase;
			buildActionMask = 2147483647;
			files = (
				81C198462449E3ED00AEC5FF /* LineView.swift in Sources */,
				81C198552449E4EC00AEC5FF /* ChartHelper.swift in Sources */,
				81D0EA3A244F249200968667 /* BarView.swift in Sources */,
				81C198382449E31100AEC5FF /* BarChartView.swift in Sources */,
				81C198362449E2ED00AEC5FF /* BarChartRow.swift in Sources */,
				81D0EA37244ED5D400968667 /* Layout.swift in Sources */,
				810C130C2444C97E00419207 /* Ext-String.swift in Sources */,
				81D0EA3E244F3F9200968667 /* CovidTableView.swift in Sources */,
				810C1320244604E000419207 /* ChartTopView.swift in Sources */,
				81C1983A2449E33300AEC5FF /* LabelView.swift in Sources */,
				81C198342449E2BA00AEC5FF /* BarChartCell.swift in Sources */,
				81C1980324490BAA00AEC5FF /* ChartToolbarLeftSide.swift in Sources */,
				81C19896244DA55A00AEC5FF /* DetailsView.swift in Sources */,
				81C19868244B0ABF00AEC5FF /* ChartYLine.swift in Sources */,
				814B42062450B48400923A19 /* BarIndicatorView.swift in Sources */,
				81C1984C2449E43400AEC5FF /* PathQuadCurve.swift in Sources */,
				810C12F72444994000419207 /* AppDelegate.swift in Sources */,
				81E05EBB244E1EF10002F0C3 /* HomeViewTopView.swift in Sources */,
				81C198512449E47300AEC5FF /* PieChartRow.swift in Sources */,
				81C197F62448A21300AEC5FF /* ChartToolbarView.swift in Sources */,
				815F8EA72450382500AB8D7F /* BarHorizontalChartView.swift in Sources */,
				81C197BE2446634900AEC5FF /* Icons.swift in Sources */,
				81E05EBD244E4E460002F0C3 /* ChartViewModel.swift in Sources */,
				81C198422449E3A700AEC5FF /* Line.swift in Sources */,
				81C1983E2449E37200AEC5FF /* IndicatorPointView.swift in Sources */,
				81C198532449E49900AEC5FF /* PieChartView.swift in Sources */,
				81C198402449E38F00AEC5FF /* Legend.swift in Sources */,
				810C12F92444994000419207 /* SceneDelegate.swift in Sources */,
				81C197BC2446632200AEC5FF /* Colors.swift in Sources */,
				81C197FF24490AFB00AEC5FF /* ChartsModel.swift in Sources */,
				81C1980124490B3800AEC5FF /* Ext-UIScreen.swift in Sources */,
				81C197F224486BAD00AEC5FF /* HomeViewToolbarView.swift in Sources */,
				81C1984F2449E45D00AEC5FF /* PieChartCell.swift in Sources */,
				810C1322244604F000419207 /* ChartContentView.swift in Sources */,
				81D0EA3C244F252500968667 /* BarContentView.swift in Sources */,
				81C19893244C74C400AEC5FF /* InfoPopupView.swift in Sources */,
				81C198482449E40800AEC5FF /* MaginfierRect.swift in Sources */,
				810C12FB2444994000419207 /* HomeView.swift in Sources */,
				810C131C2446045C00419207 /* ChartView.swift in Sources */,
				81C1984A2449E41E00AEC5FF /* MultiLineChartView.swift in Sources */,
				81C19890244C63FF00AEC5FF /* Fonts.swift in Sources */,
				810C131E244604D400419207 /* ChartXLine.swift in Sources */,
			);
			runOnlyForDeploymentPostprocessing = 0;
		};
/* End PBXSourcesBuildPhase section */

/* Begin PBXVariantGroup section */
		810C13012444994200419207 /* LaunchScreen.storyboard */ = {
			isa = PBXVariantGroup;
			children = (
				810C13022444994200419207 /* Base */,
			);
			name = LaunchScreen.storyboard;
			sourceTree = "<group>";
		};
/* End PBXVariantGroup section */

/* Begin XCBuildConfiguration section */
		810C13052444994200419207 /* Debug */ = {
			isa = XCBuildConfiguration;
			buildSettings = {
				ALWAYS_SEARCH_USER_PATHS = NO;
				CLANG_ANALYZER_NONNULL = YES;
				CLANG_ANALYZER_NUMBER_OBJECT_CONVERSION = YES_AGGRESSIVE;
				CLANG_CXX_LANGUAGE_STANDARD = "gnu++14";
				CLANG_CXX_LIBRARY = "libc++";
				CLANG_ENABLE_MODULES = YES;
				CLANG_ENABLE_OBJC_ARC = YES;
				CLANG_ENABLE_OBJC_WEAK = YES;
				CLANG_WARN_BLOCK_CAPTURE_AUTORELEASING = YES;
				CLANG_WARN_BOOL_CONVERSION = YES;
				CLANG_WARN_COMMA = YES;
				CLANG_WARN_CONSTANT_CONVERSION = YES;
				CLANG_WARN_DEPRECATED_OBJC_IMPLEMENTATIONS = YES;
				CLANG_WARN_DIRECT_OBJC_ISA_USAGE = YES_ERROR;
				CLANG_WARN_DOCUMENTATION_COMMENTS = YES;
				CLANG_WARN_EMPTY_BODY = YES;
				CLANG_WARN_ENUM_CONVERSION = YES;
				CLANG_WARN_INFINITE_RECURSION = YES;
				CLANG_WARN_INT_CONVERSION = YES;
				CLANG_WARN_NON_LITERAL_NULL_CONVERSION = YES;
				CLANG_WARN_OBJC_IMPLICIT_RETAIN_SELF = YES;
				CLANG_WARN_OBJC_LITERAL_CONVERSION = YES;
				CLANG_WARN_OBJC_ROOT_CLASS = YES_ERROR;
				CLANG_WARN_RANGE_LOOP_ANALYSIS = YES;
				CLANG_WARN_STRICT_PROTOTYPES = YES;
				CLANG_WARN_SUSPICIOUS_MOVE = YES;
				CLANG_WARN_UNGUARDED_AVAILABILITY = YES_AGGRESSIVE;
				CLANG_WARN_UNREACHABLE_CODE = YES;
				CLANG_WARN__DUPLICATE_METHOD_MATCH = YES;
				COPY_PHASE_STRIP = NO;
				DEBUG_INFORMATION_FORMAT = dwarf;
				ENABLE_STRICT_OBJC_MSGSEND = YES;
				ENABLE_TESTABILITY = YES;
				GCC_C_LANGUAGE_STANDARD = gnu11;
				GCC_DYNAMIC_NO_PIC = NO;
				GCC_NO_COMMON_BLOCKS = YES;
				GCC_OPTIMIZATION_LEVEL = 0;
				GCC_PREPROCESSOR_DEFINITIONS = (
					"DEBUG=1",
					"$(inherited)",
				);
				GCC_WARN_64_TO_32_BIT_CONVERSION = YES;
				GCC_WARN_ABOUT_RETURN_TYPE = YES_ERROR;
				GCC_WARN_UNDECLARED_SELECTOR = YES;
				GCC_WARN_UNINITIALIZED_AUTOS = YES_AGGRESSIVE;
				GCC_WARN_UNUSED_FUNCTION = YES;
				GCC_WARN_UNUSED_VARIABLE = YES;
				IPHONEOS_DEPLOYMENT_TARGET = 13.2;
				MTL_ENABLE_DEBUG_INFO = INCLUDE_SOURCE;
				MTL_FAST_MATH = YES;
				ONLY_ACTIVE_ARCH = YES;
				SDKROOT = iphoneos;
				SWIFT_ACTIVE_COMPILATION_CONDITIONS = DEBUG;
				SWIFT_OPTIMIZATION_LEVEL = "-Onone";
			};
			name = Debug;
		};
		810C13062444994200419207 /* Release */ = {
			isa = XCBuildConfiguration;
			buildSettings = {
				ALWAYS_SEARCH_USER_PATHS = NO;
				CLANG_ANALYZER_NONNULL = YES;
				CLANG_ANALYZER_NUMBER_OBJECT_CONVERSION = YES_AGGRESSIVE;
				CLANG_CXX_LANGUAGE_STANDARD = "gnu++14";
				CLANG_CXX_LIBRARY = "libc++";
				CLANG_ENABLE_MODULES = YES;
				CLANG_ENABLE_OBJC_ARC = YES;
				CLANG_ENABLE_OBJC_WEAK = YES;
				CLANG_WARN_BLOCK_CAPTURE_AUTORELEASING = YES;
				CLANG_WARN_BOOL_CONVERSION = YES;
				CLANG_WARN_COMMA = YES;
				CLANG_WARN_CONSTANT_CONVERSION = YES;
				CLANG_WARN_DEPRECATED_OBJC_IMPLEMENTATIONS = YES;
				CLANG_WARN_DIRECT_OBJC_ISA_USAGE = YES_ERROR;
				CLANG_WARN_DOCUMENTATION_COMMENTS = YES;
				CLANG_WARN_EMPTY_BODY = YES;
				CLANG_WARN_ENUM_CONVERSION = YES;
				CLANG_WARN_INFINITE_RECURSION = YES;
				CLANG_WARN_INT_CONVERSION = YES;
				CLANG_WARN_NON_LITERAL_NULL_CONVERSION = YES;
				CLANG_WARN_OBJC_IMPLICIT_RETAIN_SELF = YES;
				CLANG_WARN_OBJC_LITERAL_CONVERSION = YES;
				CLANG_WARN_OBJC_ROOT_CLASS = YES_ERROR;
				CLANG_WARN_RANGE_LOOP_ANALYSIS = YES;
				CLANG_WARN_STRICT_PROTOTYPES = YES;
				CLANG_WARN_SUSPICIOUS_MOVE = YES;
				CLANG_WARN_UNGUARDED_AVAILABILITY = YES_AGGRESSIVE;
				CLANG_WARN_UNREACHABLE_CODE = YES;
				CLANG_WARN__DUPLICATE_METHOD_MATCH = YES;
				COPY_PHASE_STRIP = NO;
				DEBUG_INFORMATION_FORMAT = "dwarf-with-dsym";
				ENABLE_NS_ASSERTIONS = NO;
				ENABLE_STRICT_OBJC_MSGSEND = YES;
				GCC_C_LANGUAGE_STANDARD = gnu11;
				GCC_NO_COMMON_BLOCKS = YES;
				GCC_WARN_64_TO_32_BIT_CONVERSION = YES;
				GCC_WARN_ABOUT_RETURN_TYPE = YES_ERROR;
				GCC_WARN_UNDECLARED_SELECTOR = YES;
				GCC_WARN_UNINITIALIZED_AUTOS = YES_AGGRESSIVE;
				GCC_WARN_UNUSED_FUNCTION = YES;
				GCC_WARN_UNUSED_VARIABLE = YES;
				IPHONEOS_DEPLOYMENT_TARGET = 13.2;
				MTL_ENABLE_DEBUG_INFO = NO;
				MTL_FAST_MATH = YES;
				SDKROOT = iphoneos;
				SWIFT_COMPILATION_MODE = wholemodule;
				SWIFT_OPTIMIZATION_LEVEL = "-O";
				VALIDATE_PRODUCT = YES;
			};
			name = Release;
		};
		810C13082444994200419207 /* Debug */ = {
			isa = XCBuildConfiguration;
			buildSettings = {
				ASSETCATALOG_COMPILER_APPICON_NAME = AppIcon;
				CODE_SIGN_STYLE = Automatic;
				DEVELOPMENT_ASSET_PATHS = "\"CovidCharts/Preview Content\"";
				DEVELOPMENT_TEAM = KM42VYU5F9;
				ENABLE_PREVIEWS = YES;
				INFOPLIST_FILE = CovidCharts/Info.plist;
				LD_RUNPATH_SEARCH_PATHS = (
					"$(inherited)",
					"@executable_path/Frameworks",
				);
				PRODUCT_BUNDLE_IDENTIFIER = timothystokarski.CovidCharts;
				PRODUCT_NAME = "$(TARGET_NAME)";
				SWIFT_VERSION = 5.0;
				TARGETED_DEVICE_FAMILY = "1,2";
			};
			name = Debug;
		};
		810C13092444994200419207 /* Release */ = {
			isa = XCBuildConfiguration;
			buildSettings = {
				ASSETCATALOG_COMPILER_APPICON_NAME = AppIcon;
				CODE_SIGN_STYLE = Automatic;
				DEVELOPMENT_ASSET_PATHS = "\"CovidCharts/Preview Content\"";
				DEVELOPMENT_TEAM = KM42VYU5F9;
				ENABLE_PREVIEWS = YES;
				INFOPLIST_FILE = CovidCharts/Info.plist;
				LD_RUNPATH_SEARCH_PATHS = (
					"$(inherited)",
					"@executable_path/Frameworks",
				);
				PRODUCT_BUNDLE_IDENTIFIER = timothystokarski.CovidCharts;
				PRODUCT_NAME = "$(TARGET_NAME)";
				SWIFT_VERSION = 5.0;
				TARGETED_DEVICE_FAMILY = "1,2";
			};
			name = Release;
		};
/* End XCBuildConfiguration section */

/* Begin XCConfigurationList section */
		810C12EE2444994000419207 /* Build configuration list for PBXProject "CovidCharts" */ = {
			isa = XCConfigurationList;
			buildConfigurations = (
				810C13052444994200419207 /* Debug */,
				810C13062444994200419207 /* Release */,
			);
			defaultConfigurationIsVisible = 0;
			defaultConfigurationName = Release;
		};
		810C13072444994200419207 /* Build configuration list for PBXNativeTarget "CovidCharts" */ = {
			isa = XCConfigurationList;
			buildConfigurations = (
				810C13082444994200419207 /* Debug */,
				810C13092444994200419207 /* Release */,
			);
			defaultConfigurationIsVisible = 0;
			defaultConfigurationName = Release;
		};
/* End XCConfigurationList section */
	};
	rootObject = 810C12EB2444994000419207 /* Project object */;
}
